
Microsoft Visual Studio Solution File, Format Version 12.00
# Visual Studio 15
VisualStudioVersion = 15.0.26730.12
MinimumVisualStudioVersion = 10.0.40219.1
Project("{FAE04EC0-301F-11D3-BF4B-00C04F79EFBC}") = "PostgresExtensions", "PostgresExtensions\PostgresExtensions.csproj", "{D77138EC-C8BC-4DB7-B158-F56176CA5923}"
EndProject
Project("{FAE04EC0-301F-11D3-BF4B-00C04F79EFBC}") = "PostgresExtensions.Tests", "PostgresExtensions.Tests\PostgresExtensions.Tests.csproj", "{8B30D9C1-66B0-4F55-B171-2AEB34CBA203}"
EndProject
Global
	GlobalSection(SolutionConfigurationPlatforms) = preSolution
		Debug|Any CPU = Debug|Any CPU
		Release|Any CPU = Release|Any CPU
	EndGlobalSection
	GlobalSection(ProjectConfigurationPlatforms) = postSolution
		{D77138EC-C8BC-4DB7-B158-F56176CA5923}.Debug|Any CPU.ActiveCfg = Debug|Any CPU
		{D77138EC-C8BC-4DB7-B158-F56176CA5923}.Debug|Any CPU.Build.0 = Debug|Any CPU
		{D77138EC-C8BC-4DB7-B158-F56176CA5923}.Release|Any CPU.ActiveCfg = Release|Any CPU
		{D77138EC-C8BC-4DB7-B158-F56176CA5923}.Release|Any CPU.Build.0 = Release|Any CPU
		{8B30D9C1-66B0-4F55-B171-2AEB34CBA203}.Debug|Any CPU.ActiveCfg = Debug|Any CPU
		{8B30D9C1-66B0-4F55-B171-2AEB34CBA203}.Debug|Any CPU.Build.0 = Debug|Any CPU
		{8B30D9C1-66B0-4F55-B171-2AEB34CBA203}.Release|Any CPU.ActiveCfg = Release|Any CPU
		{8B30D9C1-66B0-4F55-B171-2AEB34CBA203}.Release|Any CPU.Build.0 = Release|Any CPU
	EndGlobalSection
	GlobalSection(SolutionProperties) = preSolution
		HideSolutionNode = FALSE
	EndGlobalSection
	GlobalSection(ExtensibilityGlobals) = postSolution
		SolutionGuid = {A3C32083-798C-4384-944A-04C89CC6BC60}
	EndGlobalSection
EndGlobal
